
Microsoft Visual Studio Solution File, Format Version 12.00
# Visual Studio Version 17
VisualStudioVersion = 17.0.31912.275
MinimumVisualStudioVersion = 10.0.40219.1
Project("{FAE04EC0-301F-11D3-BF4B-00C04F79EFBC}") = "Shopperior.Api", "Shopperior.Api\Shopperior.Api.csproj", "{74DB4393-333A-4218-AE18-C2B0822DE33E}"
EndProject
Project("{9A19103F-16F7-4668-BE54-9A1E7A4F7556}") = "Shopperior.Domain", "Shopperior.Domain\Shopperior.Domain.csproj", "{E8C60FC3-285B-4E85-85DC-488E363E1834}"
EndProject
Project("{2150E333-8FDC-42A3-9474-1A3956D46DE8}") = "Domain", "Domain", "{02A6B122-5A1C-45AA-8846-A819C9116C0C}"
EndProject
Project("{9A19103F-16F7-4668-BE54-9A1E7A4F7556}") = "Shopperior.Domain.Contracts", "Shopperior.Domain.Contracts\Shopperior.Domain.Contracts.csproj", "{2BC508E0-B7D3-4FE8-8742-AE378F483F72}"
EndProject
Project("{2150E333-8FDC-42A3-9474-1A3956D46DE8}") = "Infrastructure", "Infrastructure", "{BD0B4F23-0A3D-4FF6-97C7-4BC64A21BA98}"
EndProject
Project("{9A19103F-16F7-4668-BE54-9A1E7A4F7556}") = "Shopperior.Logging", "Shopperior.Logging\Shopperior.Logging.csproj", "{45703F90-78A1-4A06-B4BD-701C75273BD5}"
EndProject
Project("{9A19103F-16F7-4668-BE54-9A1E7A4F7556}") = "Shopperior.Logging.DependencyInjection.Microsoft", "Shopperior.Logging.DependencyInjection.Microsoft\Shopperior.Logging.DependencyInjection.Microsoft.csproj", "{36E4DD20-8BBE-4998-AB22-D01DB13DE0DB}"
EndProject
Project("{9A19103F-16F7-4668-BE54-9A1E7A4F7556}") = "StratmanMedia.ResponseObjects", "StratmanMedia.ResponseObjects\StratmanMedia.ResponseObjects.csproj", "{0CE48716-7065-4EBC-8657-77075E27C9A5}"
EndProject
Project("{9A19103F-16F7-4668-BE54-9A1E7A4F7556}") = "StratmanMedia.Repositories.EFCore", "StratmanMedia.Repositories.EFCore\StratmanMedia.Repositories.EFCore.csproj", "{F8240479-753E-4603-B9A3-4E434B6106D5}"
EndProject
Project("{2150E333-8FDC-42A3-9474-1A3956D46DE8}") = "Application", "Application", "{DDAB6E2C-F22D-4E6F-8BE1-33F9F3EB7F74}"
EndProject
Project("{9A19103F-16F7-4668-BE54-9A1E7A4F7556}") = "Shopperior.Application", "Shopperior.Application\Shopperior.Application.csproj", "{075E0A39-807D-4AA4-8DEB-34548F1A970C}"
EndProject
Project("{9A19103F-16F7-4668-BE54-9A1E7A4F7556}") = "Shopperior.Application.DependencyInjection.Microsoft", "Shopperior.Application.DependencyInjection.Microsoft\Shopperior.Application.DependencyInjection.Microsoft.csproj", "{9F903E21-A5DD-4B0D-B00D-3EB2BFB50F7C}"
EndProject
Global
	GlobalSection(SolutionConfigurationPlatforms) = preSolution
		Debug|Any CPU = Debug|Any CPU
		Release|Any CPU = Release|Any CPU
	EndGlobalSection
	GlobalSection(ProjectConfigurationPlatforms) = postSolution
		{74DB4393-333A-4218-AE18-C2B0822DE33E}.Debug|Any CPU.ActiveCfg = Debug|Any CPU
		{74DB4393-333A-4218-AE18-C2B0822DE33E}.Debug|Any CPU.Build.0 = Debug|Any CPU
		{74DB4393-333A-4218-AE18-C2B0822DE33E}.Release|Any CPU.ActiveCfg = Release|Any CPU
		{74DB4393-333A-4218-AE18-C2B0822DE33E}.Release|Any CPU.Build.0 = Release|Any CPU
		{E8C60FC3-285B-4E85-85DC-488E363E1834}.Debug|Any CPU.ActiveCfg = Debug|Any CPU
		{E8C60FC3-285B-4E85-85DC-488E363E1834}.Debug|Any CPU.Build.0 = Debug|Any CPU
		{E8C60FC3-285B-4E85-85DC-488E363E1834}.Release|Any CPU.ActiveCfg = Release|Any CPU
		{E8C60FC3-285B-4E85-85DC-488E363E1834}.Release|Any CPU.Build.0 = Release|Any CPU
		{2BC508E0-B7D3-4FE8-8742-AE378F483F72}.Debug|Any CPU.ActiveCfg = Debug|Any CPU
		{2BC508E0-B7D3-4FE8-8742-AE378F483F72}.Debug|Any CPU.Build.0 = Debug|Any CPU
		{2BC508E0-B7D3-4FE8-8742-AE378F483F72}.Release|Any CPU.ActiveCfg = Release|Any CPU
		{2BC508E0-B7D3-4FE8-8742-AE378F483F72}.Release|Any CPU.Build.0 = Release|Any CPU
		{45703F90-78A1-4A06-B4BD-701C75273BD5}.Debug|Any CPU.ActiveCfg = Debug|Any CPU
		{45703F90-78A1-4A06-B4BD-701C75273BD5}.Debug|Any CPU.Build.0 = Debug|Any CPU
		{45703F90-78A1-4A06-B4BD-701C75273BD5}.Release|Any CPU.ActiveCfg = Release|Any CPU
		{45703F90-78A1-4A06-B4BD-701C75273BD5}.Release|Any CPU.Build.0 = Release|Any CPU
		{36E4DD20-8BBE-4998-AB22-D01DB13DE0DB}.Debug|Any CPU.ActiveCfg = Debug|Any CPU
		{36E4DD20-8BBE-4998-AB22-D01DB13DE0DB}.Debug|Any CPU.Build.0 = Debug|Any CPU
		{36E4DD20-8BBE-4998-AB22-D01DB13DE0DB}.Release|Any CPU.ActiveCfg = Release|Any CPU
		{36E4DD20-8BBE-4998-AB22-D01DB13DE0DB}.Release|Any CPU.Build.0 = Release|Any CPU
		{0CE48716-7065-4EBC-8657-77075E27C9A5}.Debug|Any CPU.ActiveCfg = Debug|Any CPU
		{0CE48716-7065-4EBC-8657-77075E27C9A5}.Debug|Any CPU.Build.0 = Debug|Any CPU
		{0CE48716-7065-4EBC-8657-77075E27C9A5}.Release|Any CPU.ActiveCfg = Release|Any CPU
		{0CE48716-7065-4EBC-8657-77075E27C9A5}.Release|Any CPU.Build.0 = Release|Any CPU
		{F8240479-753E-4603-B9A3-4E434B6106D5}.Debug|Any CPU.ActiveCfg = Debug|Any CPU
		{F8240479-753E-4603-B9A3-4E434B6106D5}.Debug|Any CPU.Build.0 = Debug|Any CPU
		{F8240479-753E-4603-B9A3-4E434B6106D5}.Release|Any CPU.ActiveCfg = Release|Any CPU
		{F8240479-753E-4603-B9A3-4E434B6106D5}.Release|Any CPU.Build.0 = Release|Any CPU
		{075E0A39-807D-4AA4-8DEB-34548F1A970C}.Debug|Any CPU.ActiveCfg = Debug|Any CPU
		{075E0A39-807D-4AA4-8DEB-34548F1A970C}.Debug|Any CPU.Build.0 = Debug|Any CPU
		{075E0A39-807D-4AA4-8DEB-34548F1A970C}.Release|Any CPU.ActiveCfg = Release|Any CPU
		{075E0A39-807D-4AA4-8DEB-34548F1A970C}.Release|Any CPU.Build.0 = Release|Any CPU
		{9F903E21-A5DD-4B0D-B00D-3EB2BFB50F7C}.Debug|Any CPU.ActiveCfg = Debug|Any CPU
		{9F903E21-A5DD-4B0D-B00D-3EB2BFB50F7C}.Debug|Any CPU.Build.0 = Debug|Any CPU
		{9F903E21-A5DD-4B0D-B00D-3EB2BFB50F7C}.Release|Any CPU.ActiveCfg = Release|Any CPU
		{9F903E21-A5DD-4B0D-B00D-3EB2BFB50F7C}.Release|Any CPU.Build.0 = Release|Any CPU
	EndGlobalSection
	GlobalSection(SolutionProperties) = preSolution
		HideSolutionNode = FALSE
	EndGlobalSection
	GlobalSection(NestedProjects) = preSolution
		{E8C60FC3-285B-4E85-85DC-488E363E1834} = {02A6B122-5A1C-45AA-8846-A819C9116C0C}
		{2BC508E0-B7D3-4FE8-8742-AE378F483F72} = {02A6B122-5A1C-45AA-8846-A819C9116C0C}
		{45703F90-78A1-4A06-B4BD-701C75273BD5} = {BD0B4F23-0A3D-4FF6-97C7-4BC64A21BA98}
		{36E4DD20-8BBE-4998-AB22-D01DB13DE0DB} = {BD0B4F23-0A3D-4FF6-97C7-4BC64A21BA98}
		{0CE48716-7065-4EBC-8657-77075E27C9A5} = {BD0B4F23-0A3D-4FF6-97C7-4BC64A21BA98}
		{F8240479-753E-4603-B9A3-4E434B6106D5} = {BD0B4F23-0A3D-4FF6-97C7-4BC64A21BA98}
		{075E0A39-807D-4AA4-8DEB-34548F1A970C} = {DDAB6E2C-F22D-4E6F-8BE1-33F9F3EB7F74}
		{9F903E21-A5DD-4B0D-B00D-3EB2BFB50F7C} = {DDAB6E2C-F22D-4E6F-8BE1-33F9F3EB7F74}
	EndGlobalSection
	GlobalSection(ExtensibilityGlobals) = postSolution
		SolutionGuid = {EA4139DD-80F5-4055-9A37-B2548D832C54}
	EndGlobalSection
EndGlobal
