
Microsoft Visual Studio Solution File, Format Version 12.00
# Visual Studio Version 17
VisualStudioVersion = 17.0.31912.275
MinimumVisualStudioVersion = 10.0.40219.1
Project("{9A19103F-16F7-4668-BE54-9A1E7A4F7556}") = "Shopperior.Domain", "Shopperior.Domain\Shopperior.Domain.csproj", "{E8C60FC3-285B-4E85-85DC-488E363E1834}"
EndProject
Project("{9A19103F-16F7-4668-BE54-9A1E7A4F7556}") = "Shopperior.Domain.Contracts", "Shopperior.Domain.Contracts\Shopperior.Domain.Contracts.csproj", "{2BC508E0-B7D3-4FE8-8742-AE378F483F72}"
EndProject
Project("{2150E333-8FDC-42A3-9474-1A3956D46DE8}") = "Libraries", "Libraries", "{BD0B4F23-0A3D-4FF6-97C7-4BC64A21BA98}"
EndProject
Project("{9A19103F-16F7-4668-BE54-9A1E7A4F7556}") = "StratmanMedia.ResponseObjects", "StratmanMedia.ResponseObjects\StratmanMedia.ResponseObjects.csproj", "{0CE48716-7065-4EBC-8657-77075E27C9A5}"
EndProject
Project("{9A19103F-16F7-4668-BE54-9A1E7A4F7556}") = "StratmanMedia.Repositories.EFCore", "StratmanMedia.Repositories.EFCore\StratmanMedia.Repositories.EFCore.csproj", "{F8240479-753E-4603-B9A3-4E434B6106D5}"
EndProject
Project("{9A19103F-16F7-4668-BE54-9A1E7A4F7556}") = "Shopperior.Application", "Shopperior.Application\Shopperior.Application.csproj", "{075E0A39-807D-4AA4-8DEB-34548F1A970C}"
EndProject
Project("{9A19103F-16F7-4668-BE54-9A1E7A4F7556}") = "Shopperior.Application.DependencyInjection.Microsoft", "Shopperior.Application.DependencyInjection.Microsoft\Shopperior.Application.DependencyInjection.Microsoft.csproj", "{9F903E21-A5DD-4B0D-B00D-3EB2BFB50F7C}"
EndProject
Project("{9A19103F-16F7-4668-BE54-9A1E7A4F7556}") = "Shopperior.Data.EFCore", "Shopperior.Data.EFCore\Shopperior.Data.EFCore.csproj", "{D8EA2E7A-7FE3-4D53-B527-87556A1A7CC7}"
EndProject
Project("{9A19103F-16F7-4668-BE54-9A1E7A4F7556}") = "Shopperior.Data.EFCore.DependencyInjection.Microsoft", "Shopperior.Data.EFCore.DependencyInjection.Microsoft\Shopperior.Data.EFCore.DependencyInjection.Microsoft.csproj", "{765CC8E8-BA5C-43B0-BBDB-3641464C56CA}"
EndProject
Project("{9A19103F-16F7-4668-BE54-9A1E7A4F7556}") = "Shopperior.WebApi", "Shopperior.WebApi\Shopperior.WebApi.csproj", "{040D1E1B-49A5-4781-BC3B-54EA63942B8D}"
EndProject
Project("{2150E333-8FDC-42A3-9474-1A3956D46DE8}") = "Application", "Application", "{6A5E3D7E-25D3-48AB-9D7F-3FCBAFE40C95}"
EndProject
Project("{2150E333-8FDC-42A3-9474-1A3956D46DE8}") = "Data", "Data", "{30E4A76E-2772-44E0-9BFA-95CE5B7B745D}"
EndProject
Project("{2150E333-8FDC-42A3-9474-1A3956D46DE8}") = "Domain", "Domain", "{9E9BBAD8-A3B4-4DF0-82AC-42282088D312}"
EndProject
Project("{2150E333-8FDC-42A3-9474-1A3956D46DE8}") = "Tests", "Tests", "{FF0AD4D8-544E-4EB1-9A91-0E8F67713B67}"
EndProject
Project("{9A19103F-16F7-4668-BE54-9A1E7A4F7556}") = "StratmanMedia.Exceptions", "StratmanMedia.Exceptions\StratmanMedia.Exceptions.csproj", "{21CBD4FF-BF6D-4047-A86E-40D09997417C}"
EndProject
Project("{FAE04EC0-301F-11D3-BF4B-00C04F79EFBC}") = "StratmanMedia.Auth", "StratmanMedia.Auth\StratmanMedia.Auth.csproj", "{E89B414E-E931-4299-9BD0-33CD388E9893}"
EndProject
Global
	GlobalSection(SolutionConfigurationPlatforms) = preSolution
		Debug|Any CPU = Debug|Any CPU
		Release|Any CPU = Release|Any CPU
	EndGlobalSection
	GlobalSection(ProjectConfigurationPlatforms) = postSolution
		{E8C60FC3-285B-4E85-85DC-488E363E1834}.Debug|Any CPU.ActiveCfg = Debug|Any CPU
		{E8C60FC3-285B-4E85-85DC-488E363E1834}.Debug|Any CPU.Build.0 = Debug|Any CPU
		{E8C60FC3-285B-4E85-85DC-488E363E1834}.Release|Any CPU.ActiveCfg = Release|Any CPU
		{E8C60FC3-285B-4E85-85DC-488E363E1834}.Release|Any CPU.Build.0 = Release|Any CPU
		{2BC508E0-B7D3-4FE8-8742-AE378F483F72}.Debug|Any CPU.ActiveCfg = Debug|Any CPU
		{2BC508E0-B7D3-4FE8-8742-AE378F483F72}.Debug|Any CPU.Build.0 = Debug|Any CPU
		{2BC508E0-B7D3-4FE8-8742-AE378F483F72}.Release|Any CPU.ActiveCfg = Release|Any CPU
		{2BC508E0-B7D3-4FE8-8742-AE378F483F72}.Release|Any CPU.Build.0 = Release|Any CPU
		{0CE48716-7065-4EBC-8657-77075E27C9A5}.Debug|Any CPU.ActiveCfg = Debug|Any CPU
		{0CE48716-7065-4EBC-8657-77075E27C9A5}.Debug|Any CPU.Build.0 = Debug|Any CPU
		{0CE48716-7065-4EBC-8657-77075E27C9A5}.Release|Any CPU.ActiveCfg = Release|Any CPU
		{0CE48716-7065-4EBC-8657-77075E27C9A5}.Release|Any CPU.Build.0 = Release|Any CPU
		{F8240479-753E-4603-B9A3-4E434B6106D5}.Debug|Any CPU.ActiveCfg = Debug|Any CPU
		{F8240479-753E-4603-B9A3-4E434B6106D5}.Debug|Any CPU.Build.0 = Debug|Any CPU
		{F8240479-753E-4603-B9A3-4E434B6106D5}.Release|Any CPU.ActiveCfg = Release|Any CPU
		{F8240479-753E-4603-B9A3-4E434B6106D5}.Release|Any CPU.Build.0 = Release|Any CPU
		{075E0A39-807D-4AA4-8DEB-34548F1A970C}.Debug|Any CPU.ActiveCfg = Debug|Any CPU
		{075E0A39-807D-4AA4-8DEB-34548F1A970C}.Debug|Any CPU.Build.0 = Debug|Any CPU
		{075E0A39-807D-4AA4-8DEB-34548F1A970C}.Release|Any CPU.ActiveCfg = Release|Any CPU
		{075E0A39-807D-4AA4-8DEB-34548F1A970C}.Release|Any CPU.Build.0 = Release|Any CPU
		{9F903E21-A5DD-4B0D-B00D-3EB2BFB50F7C}.Debug|Any CPU.ActiveCfg = Debug|Any CPU
		{9F903E21-A5DD-4B0D-B00D-3EB2BFB50F7C}.Debug|Any CPU.Build.0 = Debug|Any CPU
		{9F903E21-A5DD-4B0D-B00D-3EB2BFB50F7C}.Release|Any CPU.ActiveCfg = Release|Any CPU
		{9F903E21-A5DD-4B0D-B00D-3EB2BFB50F7C}.Release|Any CPU.Build.0 = Release|Any CPU
		{D8EA2E7A-7FE3-4D53-B527-87556A1A7CC7}.Debug|Any CPU.ActiveCfg = Debug|Any CPU
		{D8EA2E7A-7FE3-4D53-B527-87556A1A7CC7}.Debug|Any CPU.Build.0 = Debug|Any CPU
		{D8EA2E7A-7FE3-4D53-B527-87556A1A7CC7}.Release|Any CPU.ActiveCfg = Release|Any CPU
		{D8EA2E7A-7FE3-4D53-B527-87556A1A7CC7}.Release|Any CPU.Build.0 = Release|Any CPU
		{765CC8E8-BA5C-43B0-BBDB-3641464C56CA}.Debug|Any CPU.ActiveCfg = Debug|Any CPU
		{765CC8E8-BA5C-43B0-BBDB-3641464C56CA}.Debug|Any CPU.Build.0 = Debug|Any CPU
		{765CC8E8-BA5C-43B0-BBDB-3641464C56CA}.Release|Any CPU.ActiveCfg = Release|Any CPU
		{765CC8E8-BA5C-43B0-BBDB-3641464C56CA}.Release|Any CPU.Build.0 = Release|Any CPU
		{040D1E1B-49A5-4781-BC3B-54EA63942B8D}.Debug|Any CPU.ActiveCfg = Debug|Any CPU
		{040D1E1B-49A5-4781-BC3B-54EA63942B8D}.Debug|Any CPU.Build.0 = Debug|Any CPU
		{040D1E1B-49A5-4781-BC3B-54EA63942B8D}.Release|Any CPU.ActiveCfg = Release|Any CPU
		{040D1E1B-49A5-4781-BC3B-54EA63942B8D}.Release|Any CPU.Build.0 = Release|Any CPU
		{21CBD4FF-BF6D-4047-A86E-40D09997417C}.Debug|Any CPU.ActiveCfg = Debug|Any CPU
		{21CBD4FF-BF6D-4047-A86E-40D09997417C}.Debug|Any CPU.Build.0 = Debug|Any CPU
		{21CBD4FF-BF6D-4047-A86E-40D09997417C}.Release|Any CPU.ActiveCfg = Release|Any CPU
		{21CBD4FF-BF6D-4047-A86E-40D09997417C}.Release|Any CPU.Build.0 = Release|Any CPU
		{E89B414E-E931-4299-9BD0-33CD388E9893}.Debug|Any CPU.ActiveCfg = Debug|Any CPU
		{E89B414E-E931-4299-9BD0-33CD388E9893}.Debug|Any CPU.Build.0 = Debug|Any CPU
		{E89B414E-E931-4299-9BD0-33CD388E9893}.Release|Any CPU.ActiveCfg = Release|Any CPU
		{E89B414E-E931-4299-9BD0-33CD388E9893}.Release|Any CPU.Build.0 = Release|Any CPU
	EndGlobalSection
	GlobalSection(SolutionProperties) = preSolution
		HideSolutionNode = FALSE
	EndGlobalSection
	GlobalSection(NestedProjects) = preSolution
		{E8C60FC3-285B-4E85-85DC-488E363E1834} = {9E9BBAD8-A3B4-4DF0-82AC-42282088D312}
		{2BC508E0-B7D3-4FE8-8742-AE378F483F72} = {9E9BBAD8-A3B4-4DF0-82AC-42282088D312}
		{0CE48716-7065-4EBC-8657-77075E27C9A5} = {BD0B4F23-0A3D-4FF6-97C7-4BC64A21BA98}
		{F8240479-753E-4603-B9A3-4E434B6106D5} = {BD0B4F23-0A3D-4FF6-97C7-4BC64A21BA98}
		{075E0A39-807D-4AA4-8DEB-34548F1A970C} = {6A5E3D7E-25D3-48AB-9D7F-3FCBAFE40C95}
		{9F903E21-A5DD-4B0D-B00D-3EB2BFB50F7C} = {6A5E3D7E-25D3-48AB-9D7F-3FCBAFE40C95}
		{D8EA2E7A-7FE3-4D53-B527-87556A1A7CC7} = {30E4A76E-2772-44E0-9BFA-95CE5B7B745D}
		{765CC8E8-BA5C-43B0-BBDB-3641464C56CA} = {30E4A76E-2772-44E0-9BFA-95CE5B7B745D}
		{21CBD4FF-BF6D-4047-A86E-40D09997417C} = {BD0B4F23-0A3D-4FF6-97C7-4BC64A21BA98}
		{E89B414E-E931-4299-9BD0-33CD388E9893} = {BD0B4F23-0A3D-4FF6-97C7-4BC64A21BA98}
	EndGlobalSection
	GlobalSection(ExtensibilityGlobals) = postSolution
		SolutionGuid = {EA4139DD-80F5-4055-9A37-B2548D832C54}
	EndGlobalSection
EndGlobal
